// !$*UTF8*$!
{
	archiveVersion = 1;
	classes = {
	};
	objectVersion = 46;
	objects = {

/* Begin PBXBuildFile section */
		E119AFFD1831F80900CEB9B7 /* Foundation.framework in Frameworks */ = {isa = PBXBuildFile; fileRef = E119AFFC1831F80900CEB9B7 /* Foundation.framework */; };
		E119AFFF1831F80900CEB9B7 /* CoreGraphics.framework in Frameworks */ = {isa = PBXBuildFile; fileRef = E119AFFE1831F80900CEB9B7 /* CoreGraphics.framework */; };
		E119B0011831F80900CEB9B7 /* UIKit.framework in Frameworks */ = {isa = PBXBuildFile; fileRef = E119B0001831F80900CEB9B7 /* UIKit.framework */; };
		E119B0071831F80900CEB9B7 /* InfoPlist.strings in Resources */ = {isa = PBXBuildFile; fileRef = E119B0051831F80900CEB9B7 /* InfoPlist.strings */; };
		E119B0091831F80900CEB9B7 /* main.m in Sources */ = {isa = PBXBuildFile; fileRef = E119B0081831F80900CEB9B7 /* main.m */; };
		E119B00D1831F80900CEB9B7 /* AppDelegate.m in Sources */ = {isa = PBXBuildFile; fileRef = E119B00C1831F80900CEB9B7 /* AppDelegate.m */; };
		E119B0101831F80900CEB9B7 /* Main.storyboard in Resources */ = {isa = PBXBuildFile; fileRef = E119B00E1831F80900CEB9B7 /* Main.storyboard */; };
		E119B0131831F80900CEB9B7 /* ViewController.m in Sources */ = {isa = PBXBuildFile; fileRef = E119B0121831F80900CEB9B7 /* ViewController.m */; };
		E119B0151831F80900CEB9B7 /* Images.xcassets in Resources */ = {isa = PBXBuildFile; fileRef = E119B0141831F80900CEB9B7 /* Images.xcassets */; };
		E119B01C1831F80900CEB9B7 /* XCTest.framework in Frameworks */ = {isa = PBXBuildFile; fileRef = E119B01B1831F80900CEB9B7 /* XCTest.framework */; };
		E119B01D1831F80900CEB9B7 /* Foundation.framework in Frameworks */ = {isa = PBXBuildFile; fileRef = E119AFFC1831F80900CEB9B7 /* Foundation.framework */; };
		E119B01E1831F80900CEB9B7 /* UIKit.framework in Frameworks */ = {isa = PBXBuildFile; fileRef = E119B0001831F80900CEB9B7 /* UIKit.framework */; };
		E119B0261831F80900CEB9B7 /* InfoPlist.strings in Resources */ = {isa = PBXBuildFile; fileRef = E119B0241831F80900CEB9B7 /* InfoPlist.strings */; };
		E119B0281831F80900CEB9B7 /* alertTests.m in Sources */ = {isa = PBXBuildFile; fileRef = E119B0271831F80900CEB9B7 /* alertTests.m */; };
/* End PBXBuildFile section */

/* Begin PBXContainerItemProxy section */
		E119B01F1831F80900CEB9B7 /* PBXContainerItemProxy */ = {
			isa = PBXContainerItemProxy;
			containerPortal = E119AFF11831F80900CEB9B7 /* Project object */;
			proxyType = 1;
			remoteGlobalIDString = E119AFF81831F80900CEB9B7;
			remoteInfo = alert;
		};
/* End PBXContainerItemProxy section */

/* Begin PBXFileReference section */
		E119AFF91831F80900CEB9B7 /* alert.app */ = {isa = PBXFileReference; explicitFileType = wrapper.application; includeInIndex = 0; path = alert.app; sourceTree = BUILT_PRODUCTS_DIR; };
		E119AFFC1831F80900CEB9B7 /* Foundation.framework */ = {isa = PBXFileReference; lastKnownFileType = wrapper.framework; name = Foundation.framework; path = System/Library/Frameworks/Foundation.framework; sourceTree = SDKROOT; };
		E119AFFE1831F80900CEB9B7 /* CoreGraphics.framework */ = {isa = PBXFileReference; lastKnownFileType = wrapper.framework; name = CoreGraphics.framework; path = System/Library/Frameworks/CoreGraphics.framework; sourceTree = SDKROOT; };
		E119B0001831F80900CEB9B7 /* UIKit.framework */ = {isa = PBXFileReference; lastKnownFileType = wrapper.framework; name = UIKit.framework; path = System/Library/Frameworks/UIKit.framework; sourceTree = SDKROOT; };
		E119B0041831F80900CEB9B7 /* alert-Info.plist */ = {isa = PBXFileReference; lastKnownFileType = text.plist.xml; path = "alert-Info.plist"; sourceTree = "<group>"; };
		E119B0061831F80900CEB9B7 /* en */ = {isa = PBXFileReference; lastKnownFileType = text.plist.strings; name = en; path = en.lproj/InfoPlist.strings; sourceTree = "<group>"; };
		E119B0081831F80900CEB9B7 /* main.m */ = {isa = PBXFileReference; lastKnownFileType = sourcecode.c.objc; path = main.m; sourceTree = "<group>"; };
		E119B00A1831F80900CEB9B7 /* alert-Prefix.pch */ = {isa = PBXFileReference; lastKnownFileType = sourcecode.c.h; path = "alert-Prefix.pch"; sourceTree = "<group>"; };
		E119B00B1831F80900CEB9B7 /* AppDelegate.h */ = {isa = PBXFileReference; lastKnownFileType = sourcecode.c.h; path = AppDelegate.h; sourceTree = "<group>"; };
		E119B00C1831F80900CEB9B7 /* AppDelegate.m */ = {isa = PBXFileReference; lastKnownFileType = sourcecode.c.objc; path = AppDelegate.m; sourceTree = "<group>"; };
		E119B00F1831F80900CEB9B7 /* Base */ = {isa = PBXFileReference; lastKnownFileType = file.storyboard; name = Base; path = Base.lproj/Main.storyboard; sourceTree = "<group>"; };
		E119B0111831F80900CEB9B7 /* ViewController.h */ = {isa = PBXFileReference; lastKnownFileType = sourcecode.c.h; path = ViewController.h; sourceTree = "<group>"; };
		E119B0121831F80900CEB9B7 /* ViewController.m */ = {isa = PBXFileReference; lastKnownFileType = sourcecode.c.objc; path = ViewController.m; sourceTree = "<group>"; };
		E119B0141831F80900CEB9B7 /* Images.xcassets */ = {isa = PBXFileReference; lastKnownFileType = folder.assetcatalog; path = Images.xcassets; sourceTree = "<group>"; };
		E119B01A1831F80900CEB9B7 /* alertTests.xctest */ = {isa = PBXFileReference; explicitFileType = wrapper.cfbundle; includeInIndex = 0; path = alertTests.xctest; sourceTree = BUILT_PRODUCTS_DIR; };
		E119B01B1831F80900CEB9B7 /* XCTest.framework */ = {isa = PBXFileReference; lastKnownFileType = wrapper.framework; name = XCTest.framework; path = Library/Frameworks/XCTest.framework; sourceTree = DEVELOPER_DIR; };
		E119B0231831F80900CEB9B7 /* alertTests-Info.plist */ = {isa = PBXFileReference; lastKnownFileType = text.plist.xml; path = "alertTests-Info.plist"; sourceTree = "<group>"; };
		E119B0251831F80900CEB9B7 /* en */ = {isa = PBXFileReference; lastKnownFileType = text.plist.strings; name = en; path = en.lproj/InfoPlist.strings; sourceTree = "<group>"; };
		E119B0271831F80900CEB9B7 /* alertTests.m */ = {isa = PBXFileReference; lastKnownFileType = sourcecode.c.objc; path = alertTests.m; sourceTree = "<group>"; };
/* End PBXFileReference section */

/* Begin PBXFrameworksBuildPhase section */
		E119AFF61831F80900CEB9B7 /* Frameworks */ = {
			isa = PBXFrameworksBuildPhase;
			buildActionMask = 2147483647;
			files = (
				E119AFFF1831F80900CEB9B7 /* CoreGraphics.framework in Frameworks */,
				E119B0011831F80900CEB9B7 /* UIKit.framework in Frameworks */,
				E119AFFD1831F80900CEB9B7 /* Foundation.framework in Frameworks */,
			);
			runOnlyForDeploymentPostprocessing = 0;
		};
		E119B0171831F80900CEB9B7 /* Frameworks */ = {
			isa = PBXFrameworksBuildPhase;
			buildActionMask = 2147483647;
			files = (
				E119B01C1831F80900CEB9B7 /* XCTest.framework in Frameworks */,
				E119B01E1831F80900CEB9B7 /* UIKit.framework in Frameworks */,
				E119B01D1831F80900CEB9B7 /* Foundation.framework in Frameworks */,
			);
			runOnlyForDeploymentPostprocessing = 0;
		};
/* End PBXFrameworksBuildPhase section */

/* Begin PBXGroup section */
		E119AFF01831F80900CEB9B7 = {
			isa = PBXGroup;
			children = (
				E119B0021831F80900CEB9B7 /* alert */,
				E119B0211831F80900CEB9B7 /* alertTests */,
				E119AFFB1831F80900CEB9B7 /* Frameworks */,
				E119AFFA1831F80900CEB9B7 /* Products */,
			);
			sourceTree = "<group>";
		};
		E119AFFA1831F80900CEB9B7 /* Products */ = {
			isa = PBXGroup;
			children = (
				E119AFF91831F80900CEB9B7 /* alert.app */,
				E119B01A1831F80900CEB9B7 /* alertTests.xctest */,
			);
			name = Products;
			sourceTree = "<group>";
		};
		E119AFFB1831F80900CEB9B7 /* Frameworks */ = {
			isa = PBXGroup;
			children = (
				E119AFFC1831F80900CEB9B7 /* Foundation.framework */,
				E119AFFE1831F80900CEB9B7 /* CoreGraphics.framework */,
				E119B0001831F80900CEB9B7 /* UIKit.framework */,
				E119B01B1831F80900CEB9B7 /* XCTest.framework */,
			);
			name = Frameworks;
			sourceTree = "<group>";
		};
		E119B0021831F80900CEB9B7 /* alert */ = {
			isa = PBXGroup;
			children = (
				E119B00B1831F80900CEB9B7 /* AppDelegate.h */,
				E119B00C1831F80900CEB9B7 /* AppDelegate.m */,
				E119B00E1831F80900CEB9B7 /* Main.storyboard */,
				E119B0111831F80900CEB9B7 /* ViewController.h */,
				E119B0121831F80900CEB9B7 /* ViewController.m */,
				E119B0141831F80900CEB9B7 /* Images.xcassets */,
				E119B0031831F80900CEB9B7 /* Supporting Files */,
			);
			path = alert;
			sourceTree = "<group>";
		};
		E119B0031831F80900CEB9B7 /* Supporting Files */ = {
			isa = PBXGroup;
			children = (
				E119B0041831F80900CEB9B7 /* alert-Info.plist */,
				E119B0051831F80900CEB9B7 /* InfoPlist.strings */,
				E119B0081831F80900CEB9B7 /* main.m */,
				E119B00A1831F80900CEB9B7 /* alert-Prefix.pch */,
			);
			name = "Supporting Files";
			sourceTree = "<group>";
		};
		E119B0211831F80900CEB9B7 /* alertTests */ = {
			isa = PBXGroup;
			children = (
				E119B0271831F80900CEB9B7 /* alertTests.m */,
				E119B0221831F80900CEB9B7 /* Supporting Files */,
			);
			path = alertTests;
			sourceTree = "<group>";
		};
		E119B0221831F80900CEB9B7 /* Supporting Files */ = {
			isa = PBXGroup;
			children = (
				E119B0231831F80900CEB9B7 /* alertTests-Info.plist */,
				E119B0241831F80900CEB9B7 /* InfoPlist.strings */,
			);
			name = "Supporting Files";
			sourceTree = "<group>";
		};
/* End PBXGroup section */

/* Begin PBXNativeTarget section */
		E119AFF81831F80900CEB9B7 /* alert */ = {
			isa = PBXNativeTarget;
			buildConfigurationList = E119B02B1831F80900CEB9B7 /* Build configuration list for PBXNativeTarget "alert" */;
			buildPhases = (
				E119AFF51831F80900CEB9B7 /* Sources */,
				E119AFF61831F80900CEB9B7 /* Frameworks */,
				E119AFF71831F80900CEB9B7 /* Resources */,
			);
			buildRules = (
			);
			dependencies = (
			);
			name = alert;
			productName = alert;
			productReference = E119AFF91831F80900CEB9B7 /* alert.app */;
			productType = "com.apple.product-type.application";
		};
		E119B0191831F80900CEB9B7 /* alertTests */ = {
			isa = PBXNativeTarget;
			buildConfigurationList = E119B02E1831F80900CEB9B7 /* Build configuration list for PBXNativeTarget "alertTests" */;
			buildPhases = (
				E119B0161831F80900CEB9B7 /* Sources */,
				E119B0171831F80900CEB9B7 /* Frameworks */,
				E119B0181831F80900CEB9B7 /* Resources */,
			);
			buildRules = (
			);
			dependencies = (
				E119B0201831F80900CEB9B7 /* PBXTargetDependency */,
			);
			name = alertTests;
			productName = alertTests;
			productReference = E119B01A1831F80900CEB9B7 /* alertTests.xctest */;
			productType = "com.apple.product-type.bundle.unit-test";
		};
/* End PBXNativeTarget section */

/* Begin PBXProject section */
		E119AFF11831F80900CEB9B7 /* Project object */ = {
			isa = PBXProject;
			attributes = {
				LastUpgradeCheck = 0500;
				ORGANIZATIONNAME = tikomo;
				TargetAttributes = {
					E119B0191831F80900CEB9B7 = {
						TestTargetID = E119AFF81831F80900CEB9B7;
					};
				};
			};
			buildConfigurationList = E119AFF41831F80900CEB9B7 /* Build configuration list for PBXProject "alert" */;
			compatibilityVersion = "Xcode 3.2";
			developmentRegion = English;
			hasScannedForEncodings = 0;
			knownRegions = (
				en,
				Base,
			);
			mainGroup = E119AFF01831F80900CEB9B7;
			productRefGroup = E119AFFA1831F80900CEB9B7 /* Products */;
			projectDirPath = "";
			projectRoot = "";
			targets = (
				E119AFF81831F80900CEB9B7 /* alert */,
				E119B0191831F80900CEB9B7 /* alertTests */,
			);
		};
/* End PBXProject section */

/* Begin PBXResourcesBuildPhase section */
		E119AFF71831F80900CEB9B7 /* Resources */ = {
			isa = PBXResourcesBuildPhase;
			buildActionMask = 2147483647;
			files = (
				E119B0151831F80900CEB9B7 /* Images.xcassets in Resources */,
				E119B0071831F80900CEB9B7 /* InfoPlist.strings in Resources */,
				E119B0101831F80900CEB9B7 /* Main.storyboard in Resources */,
			);
			runOnlyForDeploymentPostprocessing = 0;
		};
		E119B0181831F80900CEB9B7 /* Resources */ = {
			isa = PBXResourcesBuildPhase;
			buildActionMask = 2147483647;
			files = (
				E119B0261831F80900CEB9B7 /* InfoPlist.strings in Resources */,
			);
			runOnlyForDeploymentPostprocessing = 0;
		};
/* End PBXResourcesBuildPhase section */

/* Begin PBXSourcesBuildPhase section */
		E119AFF51831F80900CEB9B7 /* Sources */ = {
			isa = PBXSourcesBuildPhase;
			buildActionMask = 2147483647;
			files = (
				E119B0131831F80900CEB9B7 /* ViewController.m in Sources */,
				E119B00D1831F80900CEB9B7 /* AppDelegate.m in Sources */,
				E119B0091831F80900CEB9B7 /* main.m in Sources */,
			);
			runOnlyForDeploymentPostprocessing = 0;
		};
		E119B0161831F80900CEB9B7 /* Sources */ = {
			isa = PBXSourcesBuildPhase;
			buildActionMask = 2147483647;
			files = (
				E119B0281831F80900CEB9B7 /* alertTests.m in Sources */,
			);
			runOnlyForDeploymentPostprocessing = 0;
		};
/* End PBXSourcesBuildPhase section */

/* Begin PBXTargetDependency section */
		E119B0201831F80900CEB9B7 /* PBXTargetDependency */ = {
			isa = PBXTargetDependency;
			target = E119AFF81831F80900CEB9B7 /* alert */;
			targetProxy = E119B01F1831F80900CEB9B7 /* PBXContainerItemProxy */;
		};
/* End PBXTargetDependency section */

/* Begin PBXVariantGroup section */
		E119B0051831F80900CEB9B7 /* InfoPlist.strings */ = {
			isa = PBXVariantGroup;
			children = (
				E119B0061831F80900CEB9B7 /* en */,
			);
			name = InfoPlist.strings;
			sourceTree = "<group>";
		};
		E119B00E1831F80900CEB9B7 /* Main.storyboard */ = {
			isa = PBXVariantGroup;
			children = (
				E119B00F1831F80900CEB9B7 /* Base */,
			);
			name = Main.storyboard;
			sourceTree = "<group>";
		};
		E119B0241831F80900CEB9B7 /* InfoPlist.strings */ = {
			isa = PBXVariantGroup;
			children = (
				E119B0251831F80900CEB9B7 /* en */,
			);
			name = InfoPlist.strings;
			sourceTree = "<group>";
		};
/* End PBXVariantGroup section */

/* Begin XCBuildConfiguration section */
		E119B0291831F80900CEB9B7 /* Debug */ = {
			isa = XCBuildConfiguration;
			buildSettings = {
				ALWAYS_SEARCH_USER_PATHS = NO;
				ARCHS = "$(ARCHS_STANDARD_INCLUDING_64_BIT)";
				CLANG_CXX_LANGUAGE_STANDARD = "gnu++0x";
				CLANG_CXX_LIBRARY = "libc++";
				CLANG_ENABLE_MODULES = YES;
				CLANG_ENABLE_OBJC_ARC = YES;
				CLANG_WARN_BOOL_CONVERSION = YES;
				CLANG_WARN_CONSTANT_CONVERSION = YES;
				CLANG_WARN_DIRECT_OBJC_ISA_USAGE = YES_ERROR;
				CLANG_WARN_EMPTY_BODY = YES;
				CLANG_WARN_ENUM_CONVERSION = YES;
				CLANG_WARN_INT_CONVERSION = YES;
				CLANG_WARN_OBJC_ROOT_CLASS = YES_ERROR;
				CLANG_WARN__DUPLICATE_METHOD_MATCH = YES;
				"CODE_SIGN_IDENTITY[sdk=iphoneos*]" = "iPhone Developer";
				COPY_PHASE_STRIP = NO;
				GCC_C_LANGUAGE_STANDARD = gnu99;
				GCC_DYNAMIC_NO_PIC = NO;
				GCC_OPTIMIZATION_LEVEL = 0;
				GCC_PREPROCESSOR_DEFINITIONS = (
					"DEBUG=1",
					"$(inherited)",
				);
				GCC_SYMBOLS_PRIVATE_EXTERN = NO;
				GCC_WARN_64_TO_32_BIT_CONVERSION = YES;
				GCC_WARN_ABOUT_RETURN_TYPE = YES_ERROR;
				GCC_WARN_UNDECLARED_SELECTOR = YES;
				GCC_WARN_UNINITIALIZED_AUTOS = YES;
				GCC_WARN_UNUSED_FUNCTION = YES;
				GCC_WARN_UNUSED_VARIABLE = YES;
				IPHONEOS_DEPLOYMENT_TARGET = 7.0;
				ONLY_ACTIVE_ARCH = YES;
				SDKROOT = iphoneos;
			};
			name = Debug;
		};
		E119B02A1831F80900CEB9B7 /* Release */ = {
			isa = XCBuildConfiguration;
			buildSettings = {
				ALWAYS_SEARCH_USER_PATHS = NO;
				ARCHS = "$(ARCHS_STANDARD_INCLUDING_64_BIT)";
				CLANG_CXX_LANGUAGE_STANDARD = "gnu++0x";
				CLANG_CXX_LIBRARY = "libc++";
				CLANG_ENABLE_MODULES = YES;
				CLANG_ENABLE_OBJC_ARC = YES;
				CLANG_WARN_BOOL_CONVERSION = YES;
				CLANG_WARN_CONSTANT_CONVERSION = YES;
				CLANG_WARN_DIRECT_OBJC_ISA_USAGE = YES_ERROR;
				CLANG_WARN_EMPTY_BODY = YES;
				CLANG_WARN_ENUM_CONVERSION = YES;
				CLANG_WARN_INT_CONVERSION = YES;
				CLANG_WARN_OBJC_ROOT_CLASS = YES_ERROR;
				CLANG_WARN__DUPLICATE_METHOD_MATCH = YES;
				"CODE_SIGN_IDENTITY[sdk=iphoneos*]" = "iPhone Developer";
				COPY_PHASE_STRIP = YES;
				ENABLE_NS_ASSERTIONS = NO;
				GCC_C_LANGUAGE_STANDARD = gnu99;
				GCC_WARN_64_TO_32_BIT_CONVERSION = YES;
				GCC_WARN_ABOUT_RETURN_TYPE = YES_ERROR;
				GCC_WARN_UNDECLARED_SELECTOR = YES;
				GCC_WARN_UNINITIALIZED_AUTOS = YES;
				GCC_WARN_UNUSED_FUNCTION = YES;
				GCC_WARN_UNUSED_VARIABLE = YES;
				IPHONEOS_DEPLOYMENT_TARGET = 7.0;
				SDKROOT = iphoneos;
				VALIDATE_PRODUCT = YES;
			};
			name = Release;
		};
		E119B02C1831F80900CEB9B7 /* Debug */ = {
			isa = XCBuildConfiguration;
			buildSettings = {
				ASSETCATALOG_COMPILER_APPICON_NAME = AppIcon;
				ASSETCATALOG_COMPILER_LAUNCHIMAGE_NAME = LaunchImage;
				GCC_PRECOMPILE_PREFIX_HEADER = YES;
				GCC_PREFIX_HEADER = "alert/alert-Prefix.pch";
				INFOPLIST_FILE = "alert/alert-Info.plist";
				PRODUCT_NAME = "$(TARGET_NAME)";
				WRAPPER_EXTENSION = app;
			};
			name = Debug;
		};
		E119B02D1831F80900CEB9B7 /* Release */ = {
			isa = XCBuildConfiguration;
			buildSettings = {
				ASSETCATALOG_COMPILER_APPICON_NAME = AppIcon;
				ASSETCATALOG_COMPILER_LAUNCHIMAGE_NAME = LaunchImage;
				GCC_PRECOMPILE_PREFIX_HEADER = YES;
				GCC_PREFIX_HEADER = "alert/alert-Prefix.pch";
				INFOPLIST_FILE = "alert/alert-Info.plist";
				PRODUCT_NAME = "$(TARGET_NAME)";
				WRAPPER_EXTENSION = app;
			};
			name = Release;
		};
		E119B02F1831F80900CEB9B7 /* Debug */ = {
			isa = XCBuildConfiguration;
			buildSettings = {
				ARCHS = "$(ARCHS_STANDARD_INCLUDING_64_BIT)";
				BUNDLE_LOADER = "$(BUILT_PRODUCTS_DIR)/alert.app/alert";
				FRAMEWORK_SEARCH_PATHS = (
					"$(SDKROOT)/Developer/Library/Frameworks",
					"$(inherited)",
					"$(DEVELOPER_FRAMEWORKS_DIR)",
				);
				GCC_PRECOMPILE_PREFIX_HEADER = YES;
				GCC_PREFIX_HEADER = "alert/alert-Prefix.pch";
				GCC_PREPROCESSOR_DEFINITIONS = (
					"DEBUG=1",
					"$(inherited)",
				);
				INFOPLIST_FILE = "alertTests/alertTests-Info.plist";
				PRODUCT_NAME = "$(TARGET_NAME)";
				TEST_HOST = "$(BUNDLE_LOADER)";
				WRAPPER_EXTENSION = xctest;
			};
			name = Debug;
		};
		E119B0301831F80900CEB9B7 /* Release */ = {
			isa = XCBuildConfiguration;
			buildSettings = {
				ARCHS = "$(ARCHS_STANDARD_INCLUDING_64_BIT)";
				BUNDLE_LOADER = "$(BUILT_PRODUCTS_DIR)/alert.app/alert";
				FRAMEWORK_SEARCH_PATHS = (
					"$(SDKROOT)/Developer/Library/Frameworks",
					"$(inherited)",
					"$(DEVELOPER_FRAMEWORKS_DIR)",
				);
				GCC_PRECOMPILE_PREFIX_HEADER = YES;
				GCC_PREFIX_HEADER = "alert/alert-Prefix.pch";
				INFOPLIST_FILE = "alertTests/alertTests-Info.plist";
				PRODUCT_NAME = "$(TARGET_NAME)";
				TEST_HOST = "$(BUNDLE_LOADER)";
				WRAPPER_EXTENSION = xctest;
			};
			name = Release;
		};
/* End XCBuildConfiguration section */

/* Begin XCConfigurationList section */
		E119AFF41831F80900CEB9B7 /* Build configuration list for PBXProject "alert" */ = {
			isa = XCConfigurationList;
			buildConfigurations = (
				E119B0291831F80900CEB9B7 /* Debug */,
				E119B02A1831F80900CEB9B7 /* Release */,
			);
			defaultConfigurationIsVisible = 0;
			defaultConfigurationName = Release;
		};
		E119B02B1831F80900CEB9B7 /* Build configuration list for PBXNativeTarget "alert" */ = {
			isa = XCConfigurationList;
			buildConfigurations = (
				E119B02C1831F80900CEB9B7 /* Debug */,
				E119B02D1831F80900CEB9B7 /* Release */,
			);
			defaultConfigurationIsVisible = 0;
		};
		E119B02E1831F80900CEB9B7 /* Build configuration list for PBXNativeTarget "alertTests" */ = {
			isa = XCConfigurationList;
			buildConfigurations = (
				E119B02F1831F80900CEB9B7 /* Debug */,
				E119B0301831F80900CEB9B7 /* Release */,
			);
			defaultConfigurationIsVisible = 0;
		};
/* End XCConfigurationList section */
	};
	rootObject = E119AFF11831F80900CEB9B7 /* Project object */;
}
